
Microsoft Visual Studio Solution File, Format Version 12.00
# Visual Studio 2013
VisualStudioVersion = 12.0.31101.0
MinimumVisualStudioVersion = 10.0.40219.1
Project("{FAE04EC0-301F-11D3-BF4B-00C04F79EFBC}") = "JsIronyParser", "JsIronyParser\JsIronyParser.csproj", "{443DEB07-FE76-489A-820F-6919DABD01CA}"
EndProject
Project("{FAE04EC0-301F-11D3-BF4B-00C04F79EFBC}") = "Test", "Test\Test.csproj", "{3BE50894-147C-44BE-96BC-39F047DBE29D}"
EndProject
Global
	GlobalSection(SolutionConfigurationPlatforms) = preSolution
		Debug|Any CPU = Debug|Any CPU
		Release|Any CPU = Release|Any CPU
	EndGlobalSection
	GlobalSection(ProjectConfigurationPlatforms) = postSolution
		{443DEB07-FE76-489A-820F-6919DABD01CA}.Debug|Any CPU.ActiveCfg = Debug|Any CPU
		{443DEB07-FE76-489A-820F-6919DABD01CA}.Debug|Any CPU.Build.0 = Debug|Any CPU
		{443DEB07-FE76-489A-820F-6919DABD01CA}.Release|Any CPU.ActiveCfg = Release|Any CPU
		{443DEB07-FE76-489A-820F-6919DABD01CA}.Release|Any CPU.Build.0 = Release|Any CPU
		{3BE50894-147C-44BE-96BC-39F047DBE29D}.Debug|Any CPU.ActiveCfg = Debug|Any CPU
		{3BE50894-147C-44BE-96BC-39F047DBE29D}.Debug|Any CPU.Build.0 = Debug|Any CPU
		{3BE50894-147C-44BE-96BC-39F047DBE29D}.Release|Any CPU.ActiveCfg = Release|Any CPU
		{3BE50894-147C-44BE-96BC-39F047DBE29D}.Release|Any CPU.Build.0 = Release|Any CPU
	EndGlobalSection
	GlobalSection(SolutionProperties) = preSolution
		HideSolutionNode = FALSE
	EndGlobalSection
EndGlobal
